
Microsoft Visual Studio Solution File, Format Version 12.00
# Visual Studio Version 17
VisualStudioVersion = 17.8.34330.188
MinimumVisualStudioVersion = 10.0.40219.1
Project("{FAE04EC0-301F-11D3-BF4B-00C04F79EFBC}") = "Rawan_Reda", "Rawan_Reda\Rawan_Reda.csproj", "{596F8FFE-0CF0-48A2-BC00-9305D4FAE4D1}"
EndProject
Global
	GlobalSection(SolutionConfigurationPlatforms) = preSolution
		Debug|Any CPU = Debug|Any CPU
		Release|Any CPU = Release|Any CPU
	EndGlobalSection
	GlobalSection(ProjectConfigurationPlatforms) = postSolution
		{596F8FFE-0CF0-48A2-BC00-9305D4FAE4D1}.Debug|Any CPU.ActiveCfg = Debug|Any CPU
		{596F8FFE-0CF0-48A2-BC00-9305D4FAE4D1}.Debug|Any CPU.Build.0 = Debug|Any CPU
		{596F8FFE-0CF0-48A2-BC00-9305D4FAE4D1}.Release|Any CPU.ActiveCfg = Release|Any CPU
		{596F8FFE-0CF0-48A2-BC00-9305D4FAE4D1}.Release|Any CPU.Build.0 = Release|Any CPU
	EndGlobalSection
	GlobalSection(SolutionProperties) = preSolution
		HideSolutionNode = FALSE
	EndGlobalSection
	GlobalSection(ExtensibilityGlobals) = postSolution
		SolutionGuid = {9E9D6AC7-7174-46D3-B865-D6FCBBB06BBB}
	EndGlobalSection
EndGlobal
